
Microsoft Visual Studio Solution File, Format Version 12.00
# Visual Studio Version 17
VisualStudioVersion = 17.1.32210.238
MinimumVisualStudioVersion = 10.0.40219.1
Project("{FAE04EC0-301F-11D3-BF4B-00C04F79EFBC}") = "Uppgift 2.11", "Uppgift 2.11\Uppgift 2.11.csproj", "{896692CB-6210-4F95-A47F-E852611C0AF6}"
EndProject
Global
	GlobalSection(SolutionConfigurationPlatforms) = preSolution
		Debug|Any CPU = Debug|Any CPU
		Release|Any CPU = Release|Any CPU
	EndGlobalSection
	GlobalSection(ProjectConfigurationPlatforms) = postSolution
		{896692CB-6210-4F95-A47F-E852611C0AF6}.Debug|Any CPU.ActiveCfg = Debug|Any CPU
		{896692CB-6210-4F95-A47F-E852611C0AF6}.Debug|Any CPU.Build.0 = Debug|Any CPU
		{896692CB-6210-4F95-A47F-E852611C0AF6}.Release|Any CPU.ActiveCfg = Release|Any CPU
		{896692CB-6210-4F95-A47F-E852611C0AF6}.Release|Any CPU.Build.0 = Release|Any CPU
	EndGlobalSection
	GlobalSection(SolutionProperties) = preSolution
		HideSolutionNode = FALSE
	EndGlobalSection
	GlobalSection(ExtensibilityGlobals) = postSolution
		SolutionGuid = {AAE98580-7A23-4459-860E-37C7F857E857}
	EndGlobalSection
EndGlobal
